
Microsoft Visual Studio Solution File, Format Version 12.00
# Visual Studio 15
Project("{FAE04EC0-301F-11D3-BF4B-00C04F79EFBC}") = "SaleStoreMVC", "SaleStoreMVC\SaleStoreMVC.csproj", "{389D5947-AC0E-4EC1-B309-46A3AA81580B}"
EndProject
Global
	GlobalSection(SolutionConfigurationPlatforms) = preSolution
		Debug|Any CPU = Debug|Any CPU
		Release|Any CPU = Release|Any CPU
	EndGlobalSection
	GlobalSection(ProjectConfigurationPlatforms) = postSolution
		{389D5947-AC0E-4EC1-B309-46A3AA81580B}.Debug|Any CPU.ActiveCfg = Debug|Any CPU
		{389D5947-AC0E-4EC1-B309-46A3AA81580B}.Debug|Any CPU.Build.0 = Debug|Any CPU
		{389D5947-AC0E-4EC1-B309-46A3AA81580B}.Release|Any CPU.ActiveCfg = Release|Any CPU
		{389D5947-AC0E-4EC1-B309-46A3AA81580B}.Release|Any CPU.Build.0 = Release|Any CPU
	EndGlobalSection
EndGlobal
